
Microsoft Visual Studio Solution File, Format Version 12.00
# Visual Studio Version 17
VisualStudioVersion = 17.14.36518.9
MinimumVisualStudioVersion = 10.0.40219.1
Project("{2150E333-8FDC-42A3-9474-1A3956D46DE8}") = "Task0", "Task0", "{02EA681E-C7D8-13C7-8484-4AC65E1B71E8}"
EndProject
Project("{FAE04EC0-301F-11D3-BF4B-00C04F79EFBC}") = "Tyuiu.AngeliA.Sprint2.Task0.V21", "Tyuiu.AngeliA.Sprint2.Task0.V21\Tyuiu.AngeliA.Sprint2.Task0.V21.csproj", "{44E48F36-6902-480C-9FD7-63D862778890}"
EndProject
Project("{FAE04EC0-301F-11D3-BF4B-00C04F79EFBC}") = "Tyuiu.AngeliA.Sprint2.Task0.V21.Test", "Tyuiu.AngeliA.Sprint2.Task0.V21.Test\Tyuiu.AngeliA.Sprint2.Task0.V21.Test.csproj", "{3F1D26FB-EA2B-4CD4-9AAA-70C7FF7F1ACA}"
EndProject
Project("{FAE04EC0-301F-11D3-BF4B-00C04F79EFBC}") = "Tyuiu.AngeliA.Sprint2.Task0.V21.Lib", "Tyuiu.AngeliA.Sprint2.Task0.V21.Lib\Tyuiu.AngeliA.Sprint2.Task0.V21.Lib.csproj", "{CDC68018-9F9D-42DC-9067-4B735E9D4136}"
EndProject
Project("{2150E333-8FDC-42A3-9474-1A3956D46DE8}") = "Task1", "Task1", "{A6648F4C-1B48-4A30-A550-EB8D11B595FD}"
EndProject
Project("{FAE04EC0-301F-11D3-BF4B-00C04F79EFBC}") = "Tyuiu.AngeliA.Sprint2.Task1.V8", "Tyuiu.AngeliA.Sprint2.Task1.V8\Tyuiu.AngeliA.Sprint2.Task1.V8.csproj", "{E8CA4125-F387-493C-98ED-54F912A0F992}"
EndProject
Project("{FAE04EC0-301F-11D3-BF4B-00C04F79EFBC}") = "Tyuiu.AngeliA.Sprint2.Task1.V8.Lib", "Tyuiu.AngeliA.Sprint2.Task1.V8.Lib\Tyuiu.AngeliA.Sprint2.Task1.V8.Lib.csproj", "{0AB7619A-E5A4-417F-B007-87A213572BDC}"
EndProject
Project("{FAE04EC0-301F-11D3-BF4B-00C04F79EFBC}") = "Tyuiu.AngeliA.Sprint2.Task1.V8.Test", "Tyuiu.AngeliA.Sprint2.Task1.V8.Test\Tyuiu.AngeliA.Sprint2.Task1.V8.Test.csproj", "{EE893E01-E3CC-4814-885C-8A416D2C5EC9}"
EndProject
Project("{2150E333-8FDC-42A3-9474-1A3956D46DE8}") = "Task2", "Task2", "{595288B8-7FE5-444D-9295-B7238496D01D}"
EndProject
Project("{FAE04EC0-301F-11D3-BF4B-00C04F79EFBC}") = "Tyuiu.AngeliA.Sprint2.Task2.V8", "Tyuiu.AngeliA.Sprint2.Task2.V8\Tyuiu.AngeliA.Sprint2.Task2.V8.csproj", "{9064CE93-A434-488F-9366-3723CD47096C}"
EndProject
Project("{FAE04EC0-301F-11D3-BF4B-00C04F79EFBC}") = "Tyuiu.AngeliA.Sprint2.Task2.V8.Lib", "Tyuiu.AngeliA.Sprint2.Task2.V8.Lib\Tyuiu.AngeliA.Sprint2.Task2.V8.Lib.csproj", "{8AB2A6AF-FF84-4ED5-98B4-42A42C6C542F}"
EndProject
Project("{FAE04EC0-301F-11D3-BF4B-00C04F79EFBC}") = "Tyuiu.AngeliA.Sprint2.Task2.V8.Test", "Tyuiu.AngeliA.Sprint2.Task2.V8.Test\Tyuiu.AngeliA.Sprint2.Task2.V8.Test.csproj", "{7831779E-F4E9-4231-B325-505F05C39F1F}"
EndProject
Project("{2150E333-8FDC-42A3-9474-1A3956D46DE8}") = "Task3", "Task3", "{E48098FE-7CA0-46D1-8E20-C4E91E101A57}"
EndProject
Project("{FAE04EC0-301F-11D3-BF4B-00C04F79EFBC}") = "Tyuiu.AngeliA.Sprint2.Task3.V11", "Tyuiu.AngeliA.Sprint2.Task3.V11\Tyuiu.AngeliA.Sprint2.Task3.V11.csproj", "{20E7736B-8EE7-4C6D-B98A-0C7BF547039A}"
EndProject
Project("{FAE04EC0-301F-11D3-BF4B-00C04F79EFBC}") = "Tyuiu.AngeliA.Sprint2.Task3.V11.Test", "Tyuiu.AngeliA.Sprint2.Task3.V11.Test\Tyuiu.AngeliA.Sprint2.Task3.V11.Test.csproj", "{3EB89901-ABF8-4244-973E-DD4743B340A4}"
EndProject
Project("{FAE04EC0-301F-11D3-BF4B-00C04F79EFBC}") = "Tyuiu.AngeliA.Sprint2.Task3.V11.Lib", "Tyuiu.AngeliA.Sprint2.Task3.V11.Lib\Tyuiu.AngeliA.Sprint2.Task3.V11.Lib.csproj", "{0283CCCB-776F-4BC6-9327-7DD45EDCE07F}"
EndProject
Project("{2150E333-8FDC-42A3-9474-1A3956D46DE8}") = "Task4", "Task4", "{979F1AC3-D2B9-46DA-9346-7BAD54CD5877}"
EndProject
Project("{FAE04EC0-301F-11D3-BF4B-00C04F79EFBC}") = "Tyuiu.AngeliA.Sprint2.Task4.V16", "Tyuiu.AngeliA.Sprint2.Task4.V16\Tyuiu.AngeliA.Sprint2.Task4.V16.csproj", "{F3115935-C9DA-46B1-A19C-23417D61F4EE}"
EndProject
Project("{FAE04EC0-301F-11D3-BF4B-00C04F79EFBC}") = "Tyuiu.AngeliA.Sprint2.Task4.V16.Lib", "Tyuiu.AngeliA.Sprint2.Task4.V16.Lib\Tyuiu.AngeliA.Sprint2.Task4.V16.Lib.csproj", "{34734F43-04A2-4168-944D-2ED8EEE74E74}"
EndProject
Project("{FAE04EC0-301F-11D3-BF4B-00C04F79EFBC}") = "Tyuiu.AngeliA.Sprint2.Task4.V16.Test", "Tyuiu.AngeliA.Sprint2.Task4.V16.Test\Tyuiu.AngeliA.Sprint2.Task4.V16.Test.csproj", "{406ADEC9-E9AA-4136-AEEC-6C5B3C556E29}"
EndProject
Project("{2150E333-8FDC-42A3-9474-1A3956D46DE8}") = "Task5", "Task5", "{FE230752-6F0C-4C84-B0B9-B2B17ECA34E7}"
EndProject
Project("{FAE04EC0-301F-11D3-BF4B-00C04F79EFBC}") = "Tyuiu.AngeliA.Sprint2.Task5.V10", "Tyuiu.AngeliA.Sprint2.Task5.V10\Tyuiu.AngeliA.Sprint2.Task5.V10.csproj", "{EAC25277-0971-4DCA-87C8-68AF95DEB952}"
EndProject
Project("{FAE04EC0-301F-11D3-BF4B-00C04F79EFBC}") = "Tyuiu.AngeliA.Sprint2.Task5.V10.Lib", "Tyuiu.AngeliA.Sprint2.Task5.V10.Lib\Tyuiu.AngeliA.Sprint2.Task5.V10.Lib.csproj", "{742A5536-56E0-4D15-B481-B95A13AC84F9}"
EndProject
Project("{FAE04EC0-301F-11D3-BF4B-00C04F79EFBC}") = "Tyuiu.AngeliA.Sprint2.Task5.V10.Test", "Tyuiu.AngeliA.Sprint2.Task5.V10.Test\Tyuiu.AngeliA.Sprint2.Task5.V10.Test.csproj", "{0E794EFA-90DD-46E9-8C72-2BD4D11FDA99}"
EndProject
Global
	GlobalSection(SolutionConfigurationPlatforms) = preSolution
		Debug|Any CPU = Debug|Any CPU
		Release|Any CPU = Release|Any CPU
	EndGlobalSection
	GlobalSection(ProjectConfigurationPlatforms) = postSolution
		{44E48F36-6902-480C-9FD7-63D862778890}.Debug|Any CPU.ActiveCfg = Debug|Any CPU
		{44E48F36-6902-480C-9FD7-63D862778890}.Debug|Any CPU.Build.0 = Debug|Any CPU
		{44E48F36-6902-480C-9FD7-63D862778890}.Release|Any CPU.ActiveCfg = Release|Any CPU
		{44E48F36-6902-480C-9FD7-63D862778890}.Release|Any CPU.Build.0 = Release|Any CPU
		{3F1D26FB-EA2B-4CD4-9AAA-70C7FF7F1ACA}.Debug|Any CPU.ActiveCfg = Debug|Any CPU
		{3F1D26FB-EA2B-4CD4-9AAA-70C7FF7F1ACA}.Debug|Any CPU.Build.0 = Debug|Any CPU
		{3F1D26FB-EA2B-4CD4-9AAA-70C7FF7F1ACA}.Release|Any CPU.ActiveCfg = Release|Any CPU
		{3F1D26FB-EA2B-4CD4-9AAA-70C7FF7F1ACA}.Release|Any CPU.Build.0 = Release|Any CPU
		{CDC68018-9F9D-42DC-9067-4B735E9D4136}.Debug|Any CPU.ActiveCfg = Debug|Any CPU
		{CDC68018-9F9D-42DC-9067-4B735E9D4136}.Debug|Any CPU.Build.0 = Debug|Any CPU
		{CDC68018-9F9D-42DC-9067-4B735E9D4136}.Release|Any CPU.ActiveCfg = Release|Any CPU
		{CDC68018-9F9D-42DC-9067-4B735E9D4136}.Release|Any CPU.Build.0 = Release|Any CPU
		{E8CA4125-F387-493C-98ED-54F912A0F992}.Debug|Any CPU.ActiveCfg = Debug|Any CPU
		{E8CA4125-F387-493C-98ED-54F912A0F992}.Debug|Any CPU.Build.0 = Debug|Any CPU
		{E8CA4125-F387-493C-98ED-54F912A0F992}.Release|Any CPU.ActiveCfg = Release|Any CPU
		{E8CA4125-F387-493C-98ED-54F912A0F992}.Release|Any CPU.Build.0 = Release|Any CPU
		{0AB7619A-E5A4-417F-B007-87A213572BDC}.Debug|Any CPU.ActiveCfg = Debug|Any CPU
		{0AB7619A-E5A4-417F-B007-87A213572BDC}.Debug|Any CPU.Build.0 = Debug|Any CPU
		{0AB7619A-E5A4-417F-B007-87A213572BDC}.Release|Any CPU.ActiveCfg = Release|Any CPU
		{0AB7619A-E5A4-417F-B007-87A213572BDC}.Release|Any CPU.Build.0 = Release|Any CPU
		{EE893E01-E3CC-4814-885C-8A416D2C5EC9}.Debug|Any CPU.ActiveCfg = Debug|Any CPU
		{EE893E01-E3CC-4814-885C-8A416D2C5EC9}.Debug|Any CPU.Build.0 = Debug|Any CPU
		{EE893E01-E3CC-4814-885C-8A416D2C5EC9}.Release|Any CPU.ActiveCfg = Release|Any CPU
		{EE893E01-E3CC-4814-885C-8A416D2C5EC9}.Release|Any CPU.Build.0 = Release|Any CPU
		{9064CE93-A434-488F-9366-3723CD47096C}.Debug|Any CPU.ActiveCfg = Debug|Any CPU
		{9064CE93-A434-488F-9366-3723CD47096C}.Debug|Any CPU.Build.0 = Debug|Any CPU
		{9064CE93-A434-488F-9366-3723CD47096C}.Release|Any CPU.ActiveCfg = Release|Any CPU
		{9064CE93-A434-488F-9366-3723CD47096C}.Release|Any CPU.Build.0 = Release|Any CPU
		{8AB2A6AF-FF84-4ED5-98B4-42A42C6C542F}.Debug|Any CPU.ActiveCfg = Debug|Any CPU
		{8AB2A6AF-FF84-4ED5-98B4-42A42C6C542F}.Debug|Any CPU.Build.0 = Debug|Any CPU
		{8AB2A6AF-FF84-4ED5-98B4-42A42C6C542F}.Release|Any CPU.ActiveCfg = Release|Any CPU
		{8AB2A6AF-FF84-4ED5-98B4-42A42C6C542F}.Release|Any CPU.Build.0 = Release|Any CPU
		{7831779E-F4E9-4231-B325-505F05C39F1F}.Debug|Any CPU.ActiveCfg = Debug|Any CPU
		{7831779E-F4E9-4231-B325-505F05C39F1F}.Debug|Any CPU.Build.0 = Debug|Any CPU
		{7831779E-F4E9-4231-B325-505F05C39F1F}.Release|Any CPU.ActiveCfg = Release|Any CPU
		{7831779E-F4E9-4231-B325-505F05C39F1F}.Release|Any CPU.Build.0 = Release|Any CPU
		{20E7736B-8EE7-4C6D-B98A-0C7BF547039A}.Debug|Any CPU.ActiveCfg = Debug|Any CPU
		{20E7736B-8EE7-4C6D-B98A-0C7BF547039A}.Debug|Any CPU.Build.0 = Debug|Any CPU
		{20E7736B-8EE7-4C6D-B98A-0C7BF547039A}.Release|Any CPU.ActiveCfg = Release|Any CPU
		{20E7736B-8EE7-4C6D-B98A-0C7BF547039A}.Release|Any CPU.Build.0 = Release|Any CPU
		{3EB89901-ABF8-4244-973E-DD4743B340A4}.Debug|Any CPU.ActiveCfg = Debug|Any CPU
		{3EB89901-ABF8-4244-973E-DD4743B340A4}.Debug|Any CPU.Build.0 = Debug|Any CPU
		{3EB89901-ABF8-4244-973E-DD4743B340A4}.Release|Any CPU.ActiveCfg = Release|Any CPU
		{3EB89901-ABF8-4244-973E-DD4743B340A4}.Release|Any CPU.Build.0 = Release|Any CPU
		{0283CCCB-776F-4BC6-9327-7DD45EDCE07F}.Debug|Any CPU.ActiveCfg = Debug|Any CPU
		{0283CCCB-776F-4BC6-9327-7DD45EDCE07F}.Debug|Any CPU.Build.0 = Debug|Any CPU
		{0283CCCB-776F-4BC6-9327-7DD45EDCE07F}.Release|Any CPU.ActiveCfg = Release|Any CPU
		{0283CCCB-776F-4BC6-9327-7DD45EDCE07F}.Release|Any CPU.Build.0 = Release|Any CPU
		{F3115935-C9DA-46B1-A19C-23417D61F4EE}.Debug|Any CPU.ActiveCfg = Debug|Any CPU
		{F3115935-C9DA-46B1-A19C-23417D61F4EE}.Debug|Any CPU.Build.0 = Debug|Any CPU
		{F3115935-C9DA-46B1-A19C-23417D61F4EE}.Release|Any CPU.ActiveCfg = Release|Any CPU
		{F3115935-C9DA-46B1-A19C-23417D61F4EE}.Release|Any CPU.Build.0 = Release|Any CPU
		{34734F43-04A2-4168-944D-2ED8EEE74E74}.Debug|Any CPU.ActiveCfg = Debug|Any CPU
		{34734F43-04A2-4168-944D-2ED8EEE74E74}.Debug|Any CPU.Build.0 = Debug|Any CPU
		{34734F43-04A2-4168-944D-2ED8EEE74E74}.Release|Any CPU.ActiveCfg = Release|Any CPU
		{34734F43-04A2-4168-944D-2ED8EEE74E74}.Release|Any CPU.Build.0 = Release|Any CPU
		{406ADEC9-E9AA-4136-AEEC-6C5B3C556E29}.Debug|Any CPU.ActiveCfg = Debug|Any CPU
		{406ADEC9-E9AA-4136-AEEC-6C5B3C556E29}.Debug|Any CPU.Build.0 = Debug|Any CPU
		{406ADEC9-E9AA-4136-AEEC-6C5B3C556E29}.Release|Any CPU.ActiveCfg = Release|Any CPU
		{406ADEC9-E9AA-4136-AEEC-6C5B3C556E29}.Release|Any CPU.Build.0 = Release|Any CPU
		{EAC25277-0971-4DCA-87C8-68AF95DEB952}.Debug|Any CPU.ActiveCfg = Debug|Any CPU
		{EAC25277-0971-4DCA-87C8-68AF95DEB952}.Debug|Any CPU.Build.0 = Debug|Any CPU
		{EAC25277-0971-4DCA-87C8-68AF95DEB952}.Release|Any CPU.ActiveCfg = Release|Any CPU
		{EAC25277-0971-4DCA-87C8-68AF95DEB952}.Release|Any CPU.Build.0 = Release|Any CPU
		{742A5536-56E0-4D15-B481-B95A13AC84F9}.Debug|Any CPU.ActiveCfg = Debug|Any CPU
		{742A5536-56E0-4D15-B481-B95A13AC84F9}.Debug|Any CPU.Build.0 = Debug|Any CPU
		{742A5536-56E0-4D15-B481-B95A13AC84F9}.Release|Any CPU.ActiveCfg = Release|Any CPU
		{742A5536-56E0-4D15-B481-B95A13AC84F9}.Release|Any CPU.Build.0 = Release|Any CPU
		{0E794EFA-90DD-46E9-8C72-2BD4D11FDA99}.Debug|Any CPU.ActiveCfg = Debug|Any CPU
		{0E794EFA-90DD-46E9-8C72-2BD4D11FDA99}.Debug|Any CPU.Build.0 = Debug|Any CPU
		{0E794EFA-90DD-46E9-8C72-2BD4D11FDA99}.Release|Any CPU.ActiveCfg = Release|Any CPU
		{0E794EFA-90DD-46E9-8C72-2BD4D11FDA99}.Release|Any CPU.Build.0 = Release|Any CPU
	EndGlobalSection
	GlobalSection(SolutionProperties) = preSolution
		HideSolutionNode = FALSE
	EndGlobalSection
	GlobalSection(NestedProjects) = preSolution
		{44E48F36-6902-480C-9FD7-63D862778890} = {02EA681E-C7D8-13C7-8484-4AC65E1B71E8}
		{3F1D26FB-EA2B-4CD4-9AAA-70C7FF7F1ACA} = {02EA681E-C7D8-13C7-8484-4AC65E1B71E8}
		{CDC68018-9F9D-42DC-9067-4B735E9D4136} = {02EA681E-C7D8-13C7-8484-4AC65E1B71E8}
		{E8CA4125-F387-493C-98ED-54F912A0F992} = {A6648F4C-1B48-4A30-A550-EB8D11B595FD}
		{0AB7619A-E5A4-417F-B007-87A213572BDC} = {A6648F4C-1B48-4A30-A550-EB8D11B595FD}
		{EE893E01-E3CC-4814-885C-8A416D2C5EC9} = {A6648F4C-1B48-4A30-A550-EB8D11B595FD}
		{9064CE93-A434-488F-9366-3723CD47096C} = {595288B8-7FE5-444D-9295-B7238496D01D}
		{8AB2A6AF-FF84-4ED5-98B4-42A42C6C542F} = {595288B8-7FE5-444D-9295-B7238496D01D}
		{7831779E-F4E9-4231-B325-505F05C39F1F} = {595288B8-7FE5-444D-9295-B7238496D01D}
		{20E7736B-8EE7-4C6D-B98A-0C7BF547039A} = {E48098FE-7CA0-46D1-8E20-C4E91E101A57}
		{3EB89901-ABF8-4244-973E-DD4743B340A4} = {E48098FE-7CA0-46D1-8E20-C4E91E101A57}
		{0283CCCB-776F-4BC6-9327-7DD45EDCE07F} = {E48098FE-7CA0-46D1-8E20-C4E91E101A57}
		{F3115935-C9DA-46B1-A19C-23417D61F4EE} = {979F1AC3-D2B9-46DA-9346-7BAD54CD5877}
		{34734F43-04A2-4168-944D-2ED8EEE74E74} = {979F1AC3-D2B9-46DA-9346-7BAD54CD5877}
		{406ADEC9-E9AA-4136-AEEC-6C5B3C556E29} = {979F1AC3-D2B9-46DA-9346-7BAD54CD5877}
		{EAC25277-0971-4DCA-87C8-68AF95DEB952} = {FE230752-6F0C-4C84-B0B9-B2B17ECA34E7}
		{742A5536-56E0-4D15-B481-B95A13AC84F9} = {FE230752-6F0C-4C84-B0B9-B2B17ECA34E7}
		{0E794EFA-90DD-46E9-8C72-2BD4D11FDA99} = {FE230752-6F0C-4C84-B0B9-B2B17ECA34E7}
	EndGlobalSection
	GlobalSection(ExtensibilityGlobals) = postSolution
		SolutionGuid = {0716B7F2-E5E6-4219-8098-3B3A9B0B7711}
	EndGlobalSection
EndGlobal
